{
    "_readme": [
        "This file locks the dependencies of your project to a known state",
        "Read more about it at https://getcomposer.org/doc/01-basic-usage.md#installing-dependencies",
        "This file is @generated automatically"
    ],
    "content-hash": "37f94c2d91367cb6042c2358c3327632",
    "packages": [
        {
            "name": "tecnickcom/tc-lib-barcode",
            "version": "2.4.18",
            "source": {
                "type": "git",
                "url": "https://github.com/tecnickcom/tc-lib-barcode.git",
                "reference": "338095651126ec4207f98e5221beea30b27c0fe9"
            },
            "dist": {
                "type": "zip",
                "url": "https://api.github.com/repos/tecnickcom/tc-lib-barcode/zipball/338095651126ec4207f98e5221beea30b27c0fe9",
                "reference": "338095651126ec4207f98e5221beea30b27c0fe9",
                "shasum": ""
            },
            "require": {
                "ext-bcmath": "*",
                "ext-date": "*",
                "ext-gd": "*",
                "ext-pcre": "*",
                "php": ">=8.1",
                "tecnickcom/tc-lib-color": "^2.3"
            },
            "require-dev": {
                "pdepend/pdepend": "2.16.2",
                "phpcompatibility/php-compatibility": "^10.0.0@dev",
                "phpmd/phpmd": "2.15.0",
                "phpunit/phpunit": "12.4.4 || 11.5.44 || 10.5.58",
                "squizlabs/php_codesniffer": "4.0.1"
            },
            "type": "library",
            "autoload": {
                "psr-4": {
                    "Com\\Tecnick\\Barcode\\": "src"
                }
            },
            "notification-url": "https://packagist.org/downloads/",
            "license": [
                "LGPL-3.0-or-later"
            ],
            "authors": [
                {
                    "name": "Nicola Asuni",
                    "email": "info@tecnick.com",
                    "role": "lead"
                }
            ],
            "description": "PHP library to generate linear and bidimensional barcodes",
            "homepage": "http://www.tecnick.com",
            "keywords": [
                "3 of 9",
                "ANSI MH10.8M-1983",
                "CBC",
                "CODABAR",
                "CODE 11",
                "CODE 128 A B C",
                "CODE 39",
                "CODE 93",
                "EAN 13",
                "EAN 8",
                "ECC200",
                "ISO IEC 15438 2006",
                "ISO IEC 16022",
                "ISO IEC 24778 2008",
                "Intelligent Mail Barcode",
                "Interleaved 2 of 5",
                "KIX",
                "Klant",
                "MSI",
                "Onecode",
                "PHARMACODE",
                "PHARMACODE TWO-TRACKS",
                "POSTNET",
                "RMS4CC",
                "Standard 2 of 5",
                "UPC-A",
                "UPC-E",
                "USD-3",
                "USPS-B-3200",
                "USS-93",
                "aztec",
                "barcode",
                "datamatrix",
                "pdf417",
                "planet",
                "qr-code",
                "royal mail",
                "tc-lib-barcode",
                "upc"
            ],
            "support": {
                "issues": "https://github.com/tecnickcom/tc-lib-barcode/issues",
                "source": "https://github.com/tecnickcom/tc-lib-barcode/tree/2.4.18"
            },
            "funding": [
                {
                    "url": "https://www.paypal.com/donate/?hosted_button_id=NZUEC5XS8MFBJ",
                    "type": "custom"
                }
            ],
            "time": "2025-12-11T12:48:04+00:00"
        },
        {
            "name": "tecnickcom/tc-lib-color",
            "version": "2.3.2",
            "source": {
                "type": "git",
                "url": "https://github.com/tecnickcom/tc-lib-color.git",
                "reference": "4a70cf68cd9fd4082b1b6d16234876a66649be0b"
            },
            "dist": {
                "type": "zip",
                "url": "https://api.github.com/repos/tecnickcom/tc-lib-color/zipball/4a70cf68cd9fd4082b1b6d16234876a66649be0b",
                "reference": "4a70cf68cd9fd4082b1b6d16234876a66649be0b",
                "shasum": ""
            },
            "require": {
                "ext-pcre": "*",
                "php": ">=8.1"
            },
            "require-dev": {
                "pdepend/pdepend": "2.16.2",
                "phpcompatibility/php-compatibility": "^10.0.0@dev",
                "phpmd/phpmd": "2.15.0",
                "phpunit/phpunit": "12.4.4 || 11.5.44 || 10.5.58",
                "squizlabs/php_codesniffer": "4.0.1"
            },
            "type": "library",
            "autoload": {
                "psr-4": {
                    "Com\\Tecnick\\Color\\": "src"
                }
            },
            "notification-url": "https://packagist.org/downloads/",
            "license": [
                "LGPL-3.0-or-later"
            ],
            "authors": [
                {
                    "name": "Nicola Asuni",
                    "email": "info@tecnick.com",
                    "role": "lead"
                }
            ],
            "description": "PHP library to manipulate various color representations",
            "homepage": "http://www.tecnick.com",
            "keywords": [
                "cmyk",
                "color",
                "colors",
                "colour",
                "colours",
                "hsl",
                "hsla",
                "javascript",
                "rgb",
                "rgba",
                "tc-lib-color",
                "web"
            ],
            "support": {
                "issues": "https://github.com/tecnickcom/tc-lib-color/issues",
                "source": "https://github.com/tecnickcom/tc-lib-color/tree/2.3.2"
            },
            "funding": [
                {
                    "url": "https://www.paypal.com/donate/?hosted_button_id=NZUEC5XS8MFBJ",
                    "type": "custom"
                }
            ],
            "time": "2025-12-11T12:13:39+00:00"
        },
        {
            "name": "tecnickcom/tc-lib-file",
            "version": "2.2.12",
            "source": {
                "type": "git",
                "url": "https://github.com/tecnickcom/tc-lib-file.git",
                "reference": "58591f003674f7196595ec4a3de93b2e56e3e33b"
            },
            "dist": {
                "type": "zip",
                "url": "https://api.github.com/repos/tecnickcom/tc-lib-file/zipball/58591f003674f7196595ec4a3de93b2e56e3e33b",
                "reference": "58591f003674f7196595ec4a3de93b2e56e3e33b",
                "shasum": ""
            },
            "require": {
                "ext-curl": "*",
                "ext-pcre": "*",
                "php": ">=8.1"
            },
            "require-dev": {
                "pdepend/pdepend": "2.16.2",
                "phpcompatibility/php-compatibility": "^10.0.0@dev",
                "phpmd/phpmd": "2.15.0",
                "phpunit/phpunit": "12.4.4 || 11.5.44 || 10.5.58",
                "squizlabs/php_codesniffer": "4.0.1"
            },
            "type": "library",
            "autoload": {
                "psr-4": {
                    "Com\\Tecnick\\File\\": "src"
                }
            },
            "notification-url": "https://packagist.org/downloads/",
            "license": [
                "LGPL-3.0-or-later"
            ],
            "authors": [
                {
                    "name": "Nicola Asuni",
                    "email": "info@tecnick.com",
                    "role": "lead"
                }
            ],
            "description": "PHP library to read byte-level data from files",
            "homepage": "http://www.tecnick.com",
            "keywords": [
                "Double",
                "bit",
                "byte",
                "file",
                "long",
                "read",
                "short",
                "tc-lib-file"
            ],
            "support": {
                "issues": "https://github.com/tecnickcom/tc-lib-file/issues",
                "source": "https://github.com/tecnickcom/tc-lib-file/tree/2.2.12"
            },
            "funding": [
                {
                    "url": "https://www.paypal.com/donate/?hosted_button_id=NZUEC5XS8MFBJ",
                    "type": "custom"
                }
            ],
            "time": "2025-12-11T12:17:12+00:00"
        },
        {
            "name": "tecnickcom/tc-lib-pdf",
            "version": "8.4.1",
            "source": {
                "type": "git",
                "url": "https://github.com/tecnickcom/tc-lib-pdf.git",
                "reference": "7c0e90e72add9d671a4e15531d8a8614793ed8a9"
            },
            "dist": {
                "type": "zip",
                "url": "https://api.github.com/repos/tecnickcom/tc-lib-pdf/zipball/7c0e90e72add9d671a4e15531d8a8614793ed8a9",
                "reference": "7c0e90e72add9d671a4e15531d8a8614793ed8a9",
                "shasum": ""
            },
            "require": {
                "ext-date": "*",
                "ext-pcre": "*",
                "php": ">=8.1",
                "tecnickcom/tc-lib-barcode": "^2.4",
                "tecnickcom/tc-lib-color": "^2.3",
                "tecnickcom/tc-lib-file": "^2.2",
                "tecnickcom/tc-lib-pdf-encrypt": "^2.1",
                "tecnickcom/tc-lib-pdf-font": "^2.6",
                "tecnickcom/tc-lib-pdf-graph": "^2.4",
                "tecnickcom/tc-lib-pdf-image": "^2.1",
                "tecnickcom/tc-lib-pdf-page": "^4.3",
                "tecnickcom/tc-lib-unicode": "^2.0",
                "tecnickcom/tc-lib-unicode-data": "^2.0"
            },
            "require-dev": {
                "pdepend/pdepend": "2.16.2",
                "phpcompatibility/php-compatibility": "^10.0.0@dev",
                "phpmd/phpmd": "2.15.0",
                "phpunit/phpunit": "12.4.4 || 11.5.44 || 10.5.58",
                "squizlabs/php_codesniffer": "4.0.1"
            },
            "type": "library",
            "autoload": {
                "psr-4": {
                    "Com\\Tecnick\\Pdf\\": "src"
                }
            },
            "notification-url": "https://packagist.org/downloads/",
            "license": [
                "LGPL-3.0-or-later"
            ],
            "authors": [
                {
                    "name": "Nicola Asuni",
                    "email": "info@tecnick.com",
                    "role": "lead"
                }
            ],
            "description": "PHP PDF Library",
            "homepage": "http://www.tecnick.com",
            "keywords": [
                "PDFD32000-2008",
                "TCPDF",
                "document",
                "pdf",
                "tc-lib-pdf"
            ],
            "support": {
                "issues": "https://github.com/tecnickcom/tc-lib-pdf/issues",
                "source": "https://github.com/tecnickcom/tc-lib-pdf/tree/8.4.1"
            },
            "funding": [
                {
                    "url": "https://www.paypal.com/donate/?hosted_button_id=NZUEC5XS8MFBJ",
                    "type": "custom"
                }
            ],
            "time": "2025-12-21T21:48:56+00:00"
        },
        {
            "name": "tecnickcom/tc-lib-pdf-encrypt",
            "version": "2.1.26",
            "source": {
                "type": "git",
                "url": "https://github.com/tecnickcom/tc-lib-pdf-encrypt.git",
                "reference": "e42e0c97b126c657ee0a8ead6db58c4fb6692408"
            },
            "dist": {
                "type": "zip",
                "url": "https://api.github.com/repos/tecnickcom/tc-lib-pdf-encrypt/zipball/e42e0c97b126c657ee0a8ead6db58c4fb6692408",
                "reference": "e42e0c97b126c657ee0a8ead6db58c4fb6692408",
                "shasum": ""
            },
            "require": {
                "ext-date": "*",
                "ext-hash": "*",
                "ext-openssl": "*",
                "ext-pcre": "*",
                "php": ">=8.1"
            },
            "require-dev": {
                "pdepend/pdepend": "2.16.2",
                "phpcompatibility/php-compatibility": "^10.0.0@dev",
                "phpmd/phpmd": "2.15.0",
                "phpunit/phpunit": "12.4.4 || 11.5.44 || 10.5.58",
                "squizlabs/php_codesniffer": "4.0.1"
            },
            "suggest": {
                "ext-posix": "*"
            },
            "type": "library",
            "autoload": {
                "psr-4": {
                    "Com\\Tecnick\\Pdf\\Encrypt\\": "src"
                }
            },
            "notification-url": "https://packagist.org/downloads/",
            "license": [
                "LGPL-3.0-or-later"
            ],
            "authors": [
                {
                    "name": "Nicola Asuni",
                    "email": "info@tecnick.com",
                    "role": "lead"
                }
            ],
            "description": "PHP library to encrypt data for PDF",
            "homepage": "http://www.tecnick.com",
            "keywords": [
                "aes",
                "encrypt",
                "encryption",
                "pdf",
                "rc4",
                "tc-lib-pdf-encrypt"
            ],
            "support": {
                "issues": "https://github.com/tecnickcom/tc-lib-pdf-encrypt/issues",
                "source": "https://github.com/tecnickcom/tc-lib-pdf-encrypt/tree/2.1.26"
            },
            "funding": [
                {
                    "url": "https://www.paypal.com/donate/?hosted_button_id=NZUEC5XS8MFBJ",
                    "type": "custom"
                }
            ],
            "time": "2025-12-11T12:20:16+00:00"
        },
        {
            "name": "tecnickcom/tc-lib-pdf-font",
            "version": "2.6.22",
            "source": {
                "type": "git",
                "url": "https://github.com/tecnickcom/tc-lib-pdf-font.git",
                "reference": "8b5015e3d2896481e15cdfa529d332bda08e0d29"
            },
            "dist": {
                "type": "zip",
                "url": "https://api.github.com/repos/tecnickcom/tc-lib-pdf-font/zipball/8b5015e3d2896481e15cdfa529d332bda08e0d29",
                "reference": "8b5015e3d2896481e15cdfa529d332bda08e0d29",
                "shasum": ""
            },
            "require": {
                "ext-json": "*",
                "ext-pcre": "*",
                "ext-zlib": "*",
                "php": ">=8.1",
                "tecnickcom/tc-lib-file": "^2.2",
                "tecnickcom/tc-lib-pdf-encrypt": "^2.1",
                "tecnickcom/tc-lib-unicode-data": "^2.0"
            },
            "require-dev": {
                "pdepend/pdepend": "2.16.2",
                "phpcompatibility/php-compatibility": "^10.0.0@dev",
                "phpmd/phpmd": "2.15.0",
                "phpunit/phpunit": "12.4.4 || 11.5.44 || 10.5.58",
                "squizlabs/php_codesniffer": "4.0.1"
            },
            "type": "library",
            "autoload": {
                "psr-4": {
                    "Com\\Tecnick\\Pdf\\Font\\": "src"
                }
            },
            "notification-url": "https://packagist.org/downloads/",
            "license": [
                "LGPL-3.0-or-later"
            ],
            "authors": [
                {
                    "name": "Nicola Asuni",
                    "email": "info@tecnick.com",
                    "role": "lead"
                }
            ],
            "description": "PHP library containing PDF page formats and definitions",
            "homepage": "http://www.tecnick.com",
            "keywords": [
                "PFB",
                "afm",
                "font",
                "import",
                "pdf",
                "tc-lib-pdf-font",
                "ttf"
            ],
            "support": {
                "issues": "https://github.com/tecnickcom/tc-lib-pdf-font/issues",
                "source": "https://github.com/tecnickcom/tc-lib-pdf-font/tree/2.6.22"
            },
            "funding": [
                {
                    "url": "https://www.paypal.com/donate/?hosted_button_id=NZUEC5XS8MFBJ",
                    "type": "custom"
                }
            ],
            "time": "2025-12-11T13:13:36+00:00"
        },
        {
            "name": "tecnickcom/tc-lib-pdf-graph",
            "version": "2.4.2",
            "source": {
                "type": "git",
                "url": "https://github.com/tecnickcom/tc-lib-pdf-graph.git",
                "reference": "848079da6bbaa2a44124e1832d38c71b9bfbc429"
            },
            "dist": {
                "type": "zip",
                "url": "https://api.github.com/repos/tecnickcom/tc-lib-pdf-graph/zipball/848079da6bbaa2a44124e1832d38c71b9bfbc429",
                "reference": "848079da6bbaa2a44124e1832d38c71b9bfbc429",
                "shasum": ""
            },
            "require": {
                "ext-zlib": "*",
                "php": ">=8.1",
                "tecnickcom/tc-lib-color": "^2.3",
                "tecnickcom/tc-lib-pdf-encrypt": "^2.1"
            },
            "require-dev": {
                "pdepend/pdepend": "2.16.2",
                "phpcompatibility/php-compatibility": "^10.0.0@dev",
                "phpmd/phpmd": "2.15.0",
                "phpunit/phpunit": "12.4.4 || 11.5.44 || 10.5.58",
                "squizlabs/php_codesniffer": "4.0.1"
            },
            "type": "library",
            "autoload": {
                "psr-4": {
                    "Com\\Tecnick\\Pdf\\Graph\\": "src"
                }
            },
            "notification-url": "https://packagist.org/downloads/",
            "license": [
                "LGPL-3.0-or-later"
            ],
            "authors": [
                {
                    "name": "Nicola Asuni",
                    "email": "info@tecnick.com",
                    "role": "lead"
                }
            ],
            "description": "PHP library containing PDF graphic and geometric methods",
            "homepage": "http://www.tecnick.com",
            "keywords": [
                "geometry",
                "graphic",
                "pdf",
                "tc-lib-pdf-graph",
                "transformation"
            ],
            "support": {
                "issues": "https://github.com/tecnickcom/tc-lib-pdf-graph/issues",
                "source": "https://github.com/tecnickcom/tc-lib-pdf-graph/tree/2.4.2"
            },
            "funding": [
                {
                    "url": "https://www.paypal.com/donate/?hosted_button_id=NZUEC5XS8MFBJ",
                    "type": "custom"
                }
            ],
            "time": "2025-12-11T13:08:28+00:00"
        },
        {
            "name": "tecnickcom/tc-lib-pdf-image",
            "version": "2.1.24",
            "source": {
                "type": "git",
                "url": "https://github.com/tecnickcom/tc-lib-pdf-image.git",
                "reference": "4058a096cc5ada94c54d34919376d5f72ad244ee"
            },
            "dist": {
                "type": "zip",
                "url": "https://api.github.com/repos/tecnickcom/tc-lib-pdf-image/zipball/4058a096cc5ada94c54d34919376d5f72ad244ee",
                "reference": "4058a096cc5ada94c54d34919376d5f72ad244ee",
                "shasum": ""
            },
            "require": {
                "ext-gd": "*",
                "ext-zlib": "*",
                "php": ">=8.1",
                "tecnickcom/tc-lib-color": "^2.3",
                "tecnickcom/tc-lib-file": "^2.2",
                "tecnickcom/tc-lib-pdf-encrypt": "^2.1"
            },
            "require-dev": {
                "pdepend/pdepend": "2.16.2",
                "phpcompatibility/php-compatibility": "^10.0.0@dev",
                "phpmd/phpmd": "2.15.0",
                "phpunit/phpunit": "12.4.4 || 11.5.44 || 10.5.58",
                "squizlabs/php_codesniffer": "4.0.1"
            },
            "type": "library",
            "autoload": {
                "psr-4": {
                    "Com\\Tecnick\\Pdf\\Image\\": "src"
                }
            },
            "notification-url": "https://packagist.org/downloads/",
            "license": [
                "LGPL-3.0-or-later"
            ],
            "authors": [
                {
                    "name": "Nicola Asuni",
                    "email": "info@tecnick.com",
                    "role": "lead"
                }
            ],
            "description": "PHP library containing PDF Image methods",
            "homepage": "http://www.tecnick.com",
            "keywords": [
                "image",
                "jpeg",
                "jpg",
                "pdf",
                "png",
                "tc-lib-pdf-image"
            ],
            "support": {
                "issues": "https://github.com/tecnickcom/tc-lib-pdf-image/issues",
                "source": "https://github.com/tecnickcom/tc-lib-pdf-image/tree/2.1.24"
            },
            "funding": [
                {
                    "url": "https://www.paypal.com/donate/?hosted_button_id=NZUEC5XS8MFBJ",
                    "type": "custom"
                }
            ],
            "time": "2025-12-11T13:11:03+00:00"
        },
        {
            "name": "tecnickcom/tc-lib-pdf-page",
            "version": "4.3.3",
            "source": {
                "type": "git",
                "url": "https://github.com/tecnickcom/tc-lib-pdf-page.git",
                "reference": "e0fa8bd5cc28d1c5b026a15ff036f118a0bbbc72"
            },
            "dist": {
                "type": "zip",
                "url": "https://api.github.com/repos/tecnickcom/tc-lib-pdf-page/zipball/e0fa8bd5cc28d1c5b026a15ff036f118a0bbbc72",
                "reference": "e0fa8bd5cc28d1c5b026a15ff036f118a0bbbc72",
                "shasum": ""
            },
            "require": {
                "ext-date": "*",
                "ext-zlib": "*",
                "php": ">=8.1",
                "tecnickcom/tc-lib-color": "^2.3",
                "tecnickcom/tc-lib-pdf-encrypt": "^2.1"
            },
            "require-dev": {
                "pdepend/pdepend": "2.16.2",
                "phpcompatibility/php-compatibility": "^10.0.0@dev",
                "phpmd/phpmd": "2.15.0",
                "phpunit/phpunit": "12.4.4 || 11.5.44 || 10.5.58",
                "squizlabs/php_codesniffer": "4.0.1"
            },
            "type": "library",
            "autoload": {
                "psr-4": {
                    "Com\\Tecnick\\Pdf\\Page\\": "src"
                }
            },
            "notification-url": "https://packagist.org/downloads/",
            "license": [
                "LGPL-3.0-or-later"
            ],
            "authors": [
                {
                    "name": "Nicola Asuni",
                    "email": "info@tecnick.com",
                    "role": "lead"
                }
            ],
            "description": "PHP library containing PDF page formats and definitions",
            "homepage": "http://www.tecnick.com",
            "keywords": [
                "format",
                "page",
                "pdf",
                "tc-lib-pdf-page"
            ],
            "support": {
                "issues": "https://github.com/tecnickcom/tc-lib-pdf-page/issues",
                "source": "https://github.com/tecnickcom/tc-lib-pdf-page/tree/4.3.3"
            },
            "funding": [
                {
                    "url": "https://www.paypal.com/donate/?hosted_button_id=NZUEC5XS8MFBJ",
                    "type": "custom"
                }
            ],
            "time": "2025-12-11T13:05:53+00:00"
        },
        {
            "name": "tecnickcom/tc-lib-unicode",
            "version": "2.0.35",
            "source": {
                "type": "git",
                "url": "https://github.com/tecnickcom/tc-lib-unicode.git",
                "reference": "f58f449f89d8b755171a0d58bdf3b1f57cb73eb9"
            },
            "dist": {
                "type": "zip",
                "url": "https://api.github.com/repos/tecnickcom/tc-lib-unicode/zipball/f58f449f89d8b755171a0d58bdf3b1f57cb73eb9",
                "reference": "f58f449f89d8b755171a0d58bdf3b1f57cb73eb9",
                "shasum": ""
            },
            "require": {
                "ext-mbstring": "*",
                "ext-pcre": "*",
                "php": ">=8.1",
                "tecnickcom/tc-lib-unicode-data": "^2.0"
            },
            "require-dev": {
                "pdepend/pdepend": "2.16.2",
                "phpcompatibility/php-compatibility": "^10.0.0@dev",
                "phpmd/phpmd": "2.15.0",
                "phpunit/phpunit": "12.4.4 || 11.5.44 || 10.5.58",
                "squizlabs/php_codesniffer": "4.0.1"
            },
            "type": "library",
            "autoload": {
                "psr-4": {
                    "Com\\Tecnick\\Unicode\\": "src"
                }
            },
            "notification-url": "https://packagist.org/downloads/",
            "license": [
                "LGPL-3.0-or-later"
            ],
            "authors": [
                {
                    "name": "Nicola Asuni",
                    "email": "info@tecnick.com",
                    "role": "lead"
                }
            ],
            "description": "PHP library containing Unicode methods",
            "homepage": "http://www.tecnick.com",
            "keywords": [
                "font",
                "pdf",
                "tc-lib-unicode",
                "unicode",
                "utf-8"
            ],
            "support": {
                "issues": "https://github.com/tecnickcom/tc-lib-unicode/issues",
                "source": "https://github.com/tecnickcom/tc-lib-unicode/tree/2.0.35"
            },
            "funding": [
                {
                    "url": "https://www.paypal.com/donate/?hosted_button_id=NZUEC5XS8MFBJ",
                    "type": "custom"
                }
            ],
            "time": "2025-12-11T12:57:52+00:00"
        },
        {
            "name": "tecnickcom/tc-lib-unicode-data",
            "version": "2.0.34",
            "source": {
                "type": "git",
                "url": "https://github.com/tecnickcom/tc-lib-unicode-data.git",
                "reference": "0d951c9a07c110ac6ae1252d1e970407893b0fb6"
            },
            "dist": {
                "type": "zip",
                "url": "https://api.github.com/repos/tecnickcom/tc-lib-unicode-data/zipball/0d951c9a07c110ac6ae1252d1e970407893b0fb6",
                "reference": "0d951c9a07c110ac6ae1252d1e970407893b0fb6",
                "shasum": ""
            },
            "require": {
                "php": ">=8.1"
            },
            "require-dev": {
                "pdepend/pdepend": "2.16.2",
                "phpcompatibility/php-compatibility": "^10.0.0@dev",
                "phpmd/phpmd": "2.15.0",
                "phpunit/phpunit": "12.4.4 || 11.5.44 || 10.5.58",
                "squizlabs/php_codesniffer": "4.0.1"
            },
            "type": "library",
            "autoload": {
                "psr-4": {
                    "Com\\Tecnick\\Unicode\\Data\\": "src"
                }
            },
            "notification-url": "https://packagist.org/downloads/",
            "license": [
                "LGPL-3.0-or-later"
            ],
            "authors": [
                {
                    "name": "Nicola Asuni",
                    "email": "info@tecnick.com",
                    "role": "lead"
                }
            ],
            "description": "PHP library containing Unicode definitions",
            "homepage": "http://www.tecnick.com",
            "keywords": [
                "font",
                "pdf",
                "tc-lib-unicode-data",
                "unicode",
                "utf-8"
            ],
            "support": {
                "issues": "https://github.com/tecnickcom/tc-lib-unicode-data/issues",
                "source": "https://github.com/tecnickcom/tc-lib-unicode-data/tree/2.0.34"
            },
            "funding": [
                {
                    "url": "https://www.paypal.com/donate/?hosted_button_id=NZUEC5XS8MFBJ",
                    "type": "custom"
                }
            ],
            "time": "2025-12-11T12:23:21+00:00"
        }
    ],
    "packages-dev": [],
    "aliases": [],
    "minimum-stability": "stable",
    "stability-flags": {},
    "prefer-stable": false,
    "prefer-lowest": false,
    "platform": {},
    "platform-dev": {},
    "plugin-api-version": "2.6.0"
}
